
Microsoft Visual Studio Solution File, Format Version 12.00
# Visual Studio 2013
VisualStudioVersion = 12.0.21005.1
MinimumVisualStudioVersion = 10.0.40219.1
Project("{FAE04EC0-301F-11D3-BF4B-00C04F79EFBC}") = "MetaBak", "MetaBak\MetaBak.csproj", "{71DA32BE-1846-405E-9C85-F5F274366437}"
EndProject
Project("{FAE04EC0-301F-11D3-BF4B-00C04F79EFBC}") = "BakLib", "BakLib\BakLib.csproj", "{1F0C3782-E366-4750-AAE4-AD068C51A386}"
EndProject
Project("{FAE04EC0-301F-11D3-BF4B-00C04F79EFBC}") = "MetaBak.Gui", "MetaBak.Gui\MetaBak.Gui.csproj", "{36DB2709-2A86-4BFB-A58C-4B28A5A20C9E}"
EndProject
Global
	GlobalSection(SolutionConfigurationPlatforms) = preSolution
		Debug|Any CPU = Debug|Any CPU
		Release|Any CPU = Release|Any CPU
	EndGlobalSection
	GlobalSection(ProjectConfigurationPlatforms) = postSolution
		{71DA32BE-1846-405E-9C85-F5F274366437}.Debug|Any CPU.ActiveCfg = Debug|Any CPU
		{71DA32BE-1846-405E-9C85-F5F274366437}.Debug|Any CPU.Build.0 = Debug|Any CPU
		{71DA32BE-1846-405E-9C85-F5F274366437}.Release|Any CPU.ActiveCfg = Release|Any CPU
		{71DA32BE-1846-405E-9C85-F5F274366437}.Release|Any CPU.Build.0 = Release|Any CPU
		{1F0C3782-E366-4750-AAE4-AD068C51A386}.Debug|Any CPU.ActiveCfg = Debug|Any CPU
		{1F0C3782-E366-4750-AAE4-AD068C51A386}.Debug|Any CPU.Build.0 = Debug|Any CPU
		{1F0C3782-E366-4750-AAE4-AD068C51A386}.Release|Any CPU.ActiveCfg = Release|Any CPU
		{1F0C3782-E366-4750-AAE4-AD068C51A386}.Release|Any CPU.Build.0 = Release|Any CPU
		{36DB2709-2A86-4BFB-A58C-4B28A5A20C9E}.Debug|Any CPU.ActiveCfg = Debug|Any CPU
		{36DB2709-2A86-4BFB-A58C-4B28A5A20C9E}.Debug|Any CPU.Build.0 = Debug|Any CPU
		{36DB2709-2A86-4BFB-A58C-4B28A5A20C9E}.Release|Any CPU.ActiveCfg = Release|Any CPU
		{36DB2709-2A86-4BFB-A58C-4B28A5A20C9E}.Release|Any CPU.Build.0 = Release|Any CPU
	EndGlobalSection
	GlobalSection(SolutionProperties) = preSolution
		HideSolutionNode = FALSE
	EndGlobalSection
EndGlobal
